version = 1
revision = 3
requires-python = ">=3.13"

[[package]]
name = "jsonrpcpeer"
version = "0.1.0"
source = { registry = "https://pypi.org/simple" }
sdist = { url = "https://files.pythonhosted.org/packages/b4/79/d314daf36a014dc887e5db8b0d4ef7f867c5a95ac36094684f4068c5b6b1/jsonrpcpeer-0.1.0.tar.gz", hash = "sha256:aaabe7ad3350828d182642b09a27be4b55cd43b5c60d863ffd69500496f3a979", size = 12091, upload-time = "2026-01-27T08:59:16.372Z" }
wheels = [
    { url = "https://files.pythonhosted.org/packages/1f/6d/c9d7e31c7384581a635df6db695a4d8a43d8a48bd4f7fd58aa14f7cdf1cc/jsonrpcpeer-0.1.0-py3-none-any.whl", hash = "sha256:c1733c143d4445a689fe9401899589e8ad472386f5afe2fc3a0d5d15a5c9afed", size = 13449, upload-time = "2026-01-27T08:59:26.548Z" },
]

[[package]]
name = "platynui-workshop"
version = "0.1.0"
source = { virtual = "." }
dependencies = [
    { name = "robotframework" },
    { name = "robotframework-jsonrpcremote" },
    { name = "robotframework-jsonrpcremote-protocol" },
]

[package.metadata]
requires-dist = [
    { name = "robotframework", specifier = ">=7.4.1" },
    { name = "robotframework-jsonrpcremote", specifier = ">=0.1.0" },
    { name = "robotframework-jsonrpcremote-protocol", specifier = ">=0.1.0" },
]

[[package]]
name = "robotframework"
version = "7.4.1"
source = { registry = "https://pypi.org/simple" }
sdist = { url = "https://files.pythonhosted.org/packages/93/0e/08078c015d564d6a587e10e0b285620781c1a91b27230ec5b582994e421b/robotframework-7.4.1.tar.gz", hash = "sha256:d645487248a86db1e1a865ce792502792edf5342873f4e4f35d333219cd246c5", size = 653746, upload-time = "2025-12-23T17:08:02.497Z" }
wheels = [
    { url = "https://files.pythonhosted.org/packages/f3/f9/a5f59b75c92be85b18b9dc8a7fd20c52ace79b53e358f9a8402c8721ad7e/robotframework-7.4.1-py3-none-any.whl", hash = "sha256:3f75cae8a24797f1953efdb51399569767d742bb31f549ee9856db5545062728", size = 806871, upload-time = "2025-12-23T17:07:57.579Z" },
]

[[package]]
name = "robotframework-jsonrpcremote"
version = "0.1.0"
source = { registry = "https://pypi.org/simple" }
dependencies = [
    { name = "jsonrpcpeer" },
    { name = "robotframework" },
]
sdist = { url = "https://files.pythonhosted.org/packages/05/30/4042f7cf9df17a664845d04c08c27cb7e665ace97166d1b686e1e247f7cf/robotframework_jsonrpcremote-0.1.0.tar.gz", hash = "sha256:b3be3996783abd91a515fa3714994b346f317790d6ff08e221118db24a0ec08b", size = 6886, upload-time = "2026-01-27T08:59:21.497Z" }
wheels = [
    { url = "https://files.pythonhosted.org/packages/5f/94/d6a75d4f6697677a23ed50dc90367c4bbdf5e5343ce7b0e10e3f9b9cdc91/robotframework_jsonrpcremote-0.1.0-py3-none-any.whl", hash = "sha256:120b10bd7ae71de3abae8fbce3e54abd1db021cf4cd963c6b6f4dabe7df37bd4", size = 7474, upload-time = "2026-01-27T08:59:20.024Z" },
]

[[package]]
name = "robotframework-jsonrpcremote-protocol"
version = "0.1.0"
source = { registry = "https://pypi.org/simple" }
sdist = { url = "https://files.pythonhosted.org/packages/a7/ba/c383e14a04dc6f6142b9e3a7ab0627b2c30359af33b32e4fa8b49744d0fd/robotframework_jsonrpcremote_protocol-0.1.0.tar.gz", hash = "sha256:1672e5a150a59647b9f4aa9514322b50bedf6eca8fae755d53d0e976d3518f70", size = 6060, upload-time = "2026-01-27T08:59:24.764Z" }
wheels = [
    { url = "https://files.pythonhosted.org/packages/3d/11/c8336bea55af10f5e01167e2feb983159d5e63e685ffaa78dcf3a6d67f8a/robotframework_jsonrpcremote_protocol-0.1.0-py3-none-any.whl", hash = "sha256:b268be7a6e62c607a017f6c21657e4552918cb929e5634d705396e6e0c2cdf78", size = 7225, upload-time = "2026-01-27T08:59:25.571Z" },
]
